
Microsoft Visual Studio Solution File, Format Version 12.00
# Visual Studio Version 17
VisualStudioVersion = 17.8.34330.188
MinimumVisualStudioVersion = 10.0.40219.1
Project("{9A19103F-16F7-4668-BE54-9A1E7A4F7556}") = "ContactsWebAPI", "ContactsWebAPI\ContactsWebAPI.csproj", "{DE8F6148-8831-494D-B9DF-CC16D324B86A}"
EndProject
Project("{9A19103F-16F7-4668-BE54-9A1E7A4F7556}") = "ContactsMauiApp", "ContactsMauiApp\ContactsMauiApp.csproj", "{50A6B28A-F28B-4D2D-935A-35EBDDC5E8C1}"
EndProject
Global
	GlobalSection(SolutionConfigurationPlatforms) = preSolution
		Debug|Any CPU = Debug|Any CPU
		Release|Any CPU = Release|Any CPU
	EndGlobalSection
	GlobalSection(ProjectConfigurationPlatforms) = postSolution
		{DE8F6148-8831-494D-B9DF-CC16D324B86A}.Debug|Any CPU.ActiveCfg = Debug|Any CPU
		{DE8F6148-8831-494D-B9DF-CC16D324B86A}.Debug|Any CPU.Build.0 = Debug|Any CPU
		{DE8F6148-8831-494D-B9DF-CC16D324B86A}.Release|Any CPU.ActiveCfg = Release|Any CPU
		{DE8F6148-8831-494D-B9DF-CC16D324B86A}.Release|Any CPU.Build.0 = Release|Any CPU
		{50A6B28A-F28B-4D2D-935A-35EBDDC5E8C1}.Debug|Any CPU.ActiveCfg = Debug|Any CPU
		{50A6B28A-F28B-4D2D-935A-35EBDDC5E8C1}.Debug|Any CPU.Build.0 = Debug|Any CPU
		{50A6B28A-F28B-4D2D-935A-35EBDDC5E8C1}.Debug|Any CPU.Deploy.0 = Debug|Any CPU
		{50A6B28A-F28B-4D2D-935A-35EBDDC5E8C1}.Release|Any CPU.ActiveCfg = Release|Any CPU
		{50A6B28A-F28B-4D2D-935A-35EBDDC5E8C1}.Release|Any CPU.Build.0 = Release|Any CPU
		{50A6B28A-F28B-4D2D-935A-35EBDDC5E8C1}.Release|Any CPU.Deploy.0 = Release|Any CPU
	EndGlobalSection
	GlobalSection(SolutionProperties) = preSolution
		HideSolutionNode = FALSE
	EndGlobalSection
	GlobalSection(ExtensibilityGlobals) = postSolution
		SolutionGuid = {25478574-848C-4285-AAB3-ED0D2B6226C7}
	EndGlobalSection
EndGlobal
